
Microsoft Visual Studio Solution File, Format Version 12.00
# Visual Studio 15
VisualStudioVersion = 15.0.27130.2010
MinimumVisualStudioVersion = 10.0.40219.1
Project("{FAE04EC0-301F-11D3-BF4B-00C04F79EFBC}") = "VirtualPet", "VirtualPet\VirtualPet.csproj", "{DAFE4BA3-6087-4BBF-86BA-F45C2F74680B}"
EndProject
Global
	GlobalSection(SolutionConfigurationPlatforms) = preSolution
		Debug|Any CPU = Debug|Any CPU
		Release|Any CPU = Release|Any CPU
	EndGlobalSection
	GlobalSection(ProjectConfigurationPlatforms) = postSolution
		{DAFE4BA3-6087-4BBF-86BA-F45C2F74680B}.Debug|Any CPU.ActiveCfg = Debug|Any CPU
		{DAFE4BA3-6087-4BBF-86BA-F45C2F74680B}.Debug|Any CPU.Build.0 = Debug|Any CPU
		{DAFE4BA3-6087-4BBF-86BA-F45C2F74680B}.Release|Any CPU.ActiveCfg = Release|Any CPU
		{DAFE4BA3-6087-4BBF-86BA-F45C2F74680B}.Release|Any CPU.Build.0 = Release|Any CPU
	EndGlobalSection
	GlobalSection(SolutionProperties) = preSolution
		HideSolutionNode = FALSE
	EndGlobalSection
	GlobalSection(ExtensibilityGlobals) = postSolution
		SolutionGuid = {B02EE94B-AC1B-45AE-99A4-F16996E37088}
	EndGlobalSection
EndGlobal
